
Microsoft Visual Studio Solution File, Format Version 12.00
# Visual Studio Version 17
VisualStudioVersion = 17.11.35312.102
MinimumVisualStudioVersion = 10.0.40219.1
Project("{FAE04EC0-301F-11D3-BF4B-00C04F79EFBC}") = "CSharpDSA", "CSharpDSA.csproj", "{308033F8-01E1-4D31-888B-9862B5E933A5}"
EndProject
Global
	GlobalSection(SolutionConfigurationPlatforms) = preSolution
		Debug|Any CPU = Debug|Any CPU
		Release|Any CPU = Release|Any CPU
	EndGlobalSection
	GlobalSection(ProjectConfigurationPlatforms) = postSolution
		{308033F8-01E1-4D31-888B-9862B5E933A5}.Debug|Any CPU.ActiveCfg = Debug|Any CPU
		{308033F8-01E1-4D31-888B-9862B5E933A5}.Debug|Any CPU.Build.0 = Debug|Any CPU
		{308033F8-01E1-4D31-888B-9862B5E933A5}.Release|Any CPU.ActiveCfg = Release|Any CPU
		{308033F8-01E1-4D31-888B-9862B5E933A5}.Release|Any CPU.Build.0 = Release|Any CPU
	EndGlobalSection
	GlobalSection(SolutionProperties) = preSolution
		HideSolutionNode = FALSE
	EndGlobalSection
	GlobalSection(ExtensibilityGlobals) = postSolution
		SolutionGuid = {8896A5BD-E35C-4A98-9B88-347C4CABD254}
	EndGlobalSection
EndGlobal
